
Microsoft Visual Studio Solution File, Format Version 12.00
# Visual Studio 15
VisualStudioVersion = 15.0.26730.10
MinimumVisualStudioVersion = 10.0.40219.1
Project("{9092AA53-FB77-4645-B42D-1CCCA6BD08BD}") = "Imagery-Explorer", "Imagery-Explorer\Imagery-Explorer.njsproj", "{B23D8273-3AB4-464C-9BCC-47F91D32447E}"
EndProject
Project("{888888A0-9F3D-457C-B088-3A5042F75D52}") = "Imagery-Clip", "Imagery-Explorer\public\scripts\Imagery-Clip\Imagery-Clip.pyproj", "{C4DEB0B6-4BA8-4B2D-A95C-A6E4ACBF6730}"
EndProject
Project("{888888A0-9F3D-457C-B088-3A5042F75D52}") = "Imagery-Download", "Imagery-Download\Imagery-Download.pyproj", "{9D51286C-DF90-4569-8D65-8A4A394E744A}"
EndProject
Project("{888888A0-9F3D-457C-B088-3A5042F75D52}") = "Imagery-RollingStock", "Imagery-RollingStock\Imagery-RollingStock.pyproj", "{E97A67D5-AAD3-4EE5-B0FB-1E6DF8CCDF9B}"
EndProject
Global
	GlobalSection(SolutionConfigurationPlatforms) = preSolution
		Debug|Any CPU = Debug|Any CPU
		Release|Any CPU = Release|Any CPU
	EndGlobalSection
	GlobalSection(ProjectConfigurationPlatforms) = postSolution
		{B23D8273-3AB4-464C-9BCC-47F91D32447E}.Debug|Any CPU.ActiveCfg = Debug|Any CPU
		{B23D8273-3AB4-464C-9BCC-47F91D32447E}.Debug|Any CPU.Build.0 = Debug|Any CPU
		{B23D8273-3AB4-464C-9BCC-47F91D32447E}.Release|Any CPU.ActiveCfg = Release|Any CPU
		{B23D8273-3AB4-464C-9BCC-47F91D32447E}.Release|Any CPU.Build.0 = Release|Any CPU
		{C4DEB0B6-4BA8-4B2D-A95C-A6E4ACBF6730}.Debug|Any CPU.ActiveCfg = Debug|Any CPU
		{C4DEB0B6-4BA8-4B2D-A95C-A6E4ACBF6730}.Release|Any CPU.ActiveCfg = Release|Any CPU
		{9D51286C-DF90-4569-8D65-8A4A394E744A}.Debug|Any CPU.ActiveCfg = Debug|Any CPU
		{9D51286C-DF90-4569-8D65-8A4A394E744A}.Release|Any CPU.ActiveCfg = Release|Any CPU
		{E97A67D5-AAD3-4EE5-B0FB-1E6DF8CCDF9B}.Debug|Any CPU.ActiveCfg = Debug|Any CPU
		{E97A67D5-AAD3-4EE5-B0FB-1E6DF8CCDF9B}.Release|Any CPU.ActiveCfg = Release|Any CPU
	EndGlobalSection
	GlobalSection(SolutionProperties) = preSolution
		HideSolutionNode = FALSE
	EndGlobalSection
	GlobalSection(ExtensibilityGlobals) = postSolution
		SolutionGuid = {631429E8-B631-4698-A742-7E677DCA0F99}
	EndGlobalSection
EndGlobal
